// !$*UTF8*$!
{
	archiveVersion = 1;
	classes = {
	};
	objectVersion = 50;
	objects = {

/* Begin PBXBuildFile section */
		A200516B21D5538E0073034C /* AppDelegate.swift in Sources */ = {isa = PBXBuildFile; fileRef = A200516A21D5538E0073034C /* AppDelegate.swift */; };
		A200517021D5538E0073034C /* Main.storyboard in Resources */ = {isa = PBXBuildFile; fileRef = A200516E21D5538E0073034C /* Main.storyboard */; };
		A200517221D553920073034C /* Assets.xcassets in Resources */ = {isa = PBXBuildFile; fileRef = A200517121D553920073034C /* Assets.xcassets */; };
		A200517521D553920073034C /* LaunchScreen.storyboard in Resources */ = {isa = PBXBuildFile; fileRef = A200517321D553920073034C /* LaunchScreen.storyboard */; };
		A200517F21D5600C0073034C /* Person.swift in Sources */ = {isa = PBXBuildFile; fileRef = A200517E21D5600C0073034C /* Person.swift */; };
		A200518321D560230073034C /* Scene.swift in Sources */ = {isa = PBXBuildFile; fileRef = A200518221D560230073034C /* Scene.swift */; };
		A200518521D560310073034C /* UserDecisionModel.swift in Sources */ = {isa = PBXBuildFile; fileRef = A200518421D560310073034C /* UserDecisionModel.swift */; };
		A200518721D5604B0073034C /* InventoryCollectionViewController.swift in Sources */ = {isa = PBXBuildFile; fileRef = A200518621D5604B0073034C /* InventoryCollectionViewController.swift */; };
		A200518921D560600073034C /* FirstScreenViewController.swift in Sources */ = {isa = PBXBuildFile; fileRef = A200518821D560600073034C /* FirstScreenViewController.swift */; };
		A200518B21D560730073034C /* GeneralSceneViewController.swift in Sources */ = {isa = PBXBuildFile; fileRef = A200518A21D560730073034C /* GeneralSceneViewController.swift */; };
		A200519821D57EBB0073034C /* firstScreen.text in Resources */ = {isa = PBXBuildFile; fileRef = A200519521D57EBB0073034C /* firstScreen.text */; };
		A200519921D57EBB0073034C /* outline.text in Resources */ = {isa = PBXBuildFile; fileRef = A200519621D57EBB0073034C /* outline.text */; };
		A200519A21D57EBB0073034C /* scene1.text in Resources */ = {isa = PBXBuildFile; fileRef = A200519721D57EBB0073034C /* scene1.text */; };
		A200519E21D580170073034C /* scene10001.text in Resources */ = {isa = PBXBuildFile; fileRef = A200519B21D580170073034C /* scene10001.text */; };
		A200519F21D580170073034C /* scene2.text in Resources */ = {isa = PBXBuildFile; fileRef = A200519C21D580170073034C /* scene2.text */; };
		A20051A021D580170073034C /* scene101.text in Resources */ = {isa = PBXBuildFile; fileRef = A200519D21D580170073034C /* scene101.text */; };
		A20051A421D6BC540073034C /* Default-568h@2x.png in Resources */ = {isa = PBXBuildFile; fileRef = A20051A321D6BC540073034C /* Default-568h@2x.png */; };
		A20051A821D8033E0073034C /* InventoryCollectionViewCellController.swift in Sources */ = {isa = PBXBuildFile; fileRef = A20051A721D8033E0073034C /* InventoryCollectionViewCellController.swift */; };
		A20051AA21D81B9D0073034C /* BattleSceneViewController.swift in Sources */ = {isa = PBXBuildFile; fileRef = A20051A921D81B9D0073034C /* BattleSceneViewController.swift */; };
		A20051AE21D81E2D0073034C /* scene4.text in Resources */ = {isa = PBXBuildFile; fileRef = A20051AB21D81E2C0073034C /* scene4.text */; };
		A20051AF21D81E2D0073034C /* scene6.text in Resources */ = {isa = PBXBuildFile; fileRef = A20051AC21D81E2C0073034C /* scene6.text */; };
		A20051B021D81E2D0073034C /* scene3.text in Resources */ = {isa = PBXBuildFile; fileRef = A20051AD21D81E2D0073034C /* scene3.text */; };
		A2F699B121DC2243002F33E4 /* scene7.text in Resources */ = {isa = PBXBuildFile; fileRef = A2F699B021DC2243002F33E4 /* scene7.text */; };
/* End PBXBuildFile section */

/* Begin PBXFileReference section */
		A200516721D5538E0073034C /* CYOA-Bard-Adventure.app */ = {isa = PBXFileReference; explicitFileType = wrapper.application; includeInIndex = 0; path = "CYOA-Bard-Adventure.app"; sourceTree = BUILT_PRODUCTS_DIR; };
		A200516A21D5538E0073034C /* AppDelegate.swift */ = {isa = PBXFileReference; lastKnownFileType = sourcecode.swift; path = AppDelegate.swift; sourceTree = "<group>"; };
		A200516F21D5538E0073034C /* Base */ = {isa = PBXFileReference; lastKnownFileType = file.storyboard; name = Base; path = Base.lproj/Main.storyboard; sourceTree = "<group>"; };
		A200517121D553920073034C /* Assets.xcassets */ = {isa = PBXFileReference; lastKnownFileType = folder.assetcatalog; path = Assets.xcassets; sourceTree = "<group>"; };
		A200517421D553920073034C /* Base */ = {isa = PBXFileReference; lastKnownFileType = file.storyboard; name = Base; path = Base.lproj/LaunchScreen.storyboard; sourceTree = "<group>"; };
		A200517621D553920073034C /* Info.plist */ = {isa = PBXFileReference; lastKnownFileType = text.plist.xml; path = Info.plist; sourceTree = "<group>"; };
		A200517E21D5600C0073034C /* Person.swift */ = {isa = PBXFileReference; lastKnownFileType = sourcecode.swift; path = Person.swift; sourceTree = "<group>"; };
		A200518221D560230073034C /* Scene.swift */ = {isa = PBXFileReference; lastKnownFileType = sourcecode.swift; path = Scene.swift; sourceTree = "<group>"; };
		A200518421D560310073034C /* UserDecisionModel.swift */ = {isa = PBXFileReference; lastKnownFileType = sourcecode.swift; path = UserDecisionModel.swift; sourceTree = "<group>"; };
		A200518621D5604B0073034C /* InventoryCollectionViewController.swift */ = {isa = PBXFileReference; lastKnownFileType = sourcecode.swift; path = InventoryCollectionViewController.swift; sourceTree = "<group>"; };
		A200518821D560600073034C /* FirstScreenViewController.swift */ = {isa = PBXFileReference; lastKnownFileType = sourcecode.swift; path = FirstScreenViewController.swift; sourceTree = "<group>"; };
		A200518A21D560730073034C /* GeneralSceneViewController.swift */ = {isa = PBXFileReference; lastKnownFileType = sourcecode.swift; path = GeneralSceneViewController.swift; sourceTree = "<group>"; };
		A200519521D57EBB0073034C /* firstScreen.text */ = {isa = PBXFileReference; fileEncoding = 4; lastKnownFileType = net.daringfireball.markdown; path = firstScreen.text; sourceTree = "<group>"; };
		A200519621D57EBB0073034C /* outline.text */ = {isa = PBXFileReference; fileEncoding = 4; lastKnownFileType = net.daringfireball.markdown; path = outline.text; sourceTree = "<group>"; };
		A200519721D57EBB0073034C /* scene1.text */ = {isa = PBXFileReference; fileEncoding = 4; lastKnownFileType = net.daringfireball.markdown; path = scene1.text; sourceTree = "<group>"; };
		A200519B21D580170073034C /* scene10001.text */ = {isa = PBXFileReference; fileEncoding = 4; lastKnownFileType = net.daringfireball.markdown; path = scene10001.text; sourceTree = "<group>"; };
		A200519C21D580170073034C /* scene2.text */ = {isa = PBXFileReference; fileEncoding = 4; lastKnownFileType = net.daringfireball.markdown; path = scene2.text; sourceTree = "<group>"; };
		A200519D21D580170073034C /* scene101.text */ = {isa = PBXFileReference; fileEncoding = 4; lastKnownFileType = net.daringfireball.markdown; path = scene101.text; sourceTree = "<group>"; };
		A20051A321D6BC540073034C /* Default-568h@2x.png */ = {isa = PBXFileReference; lastKnownFileType = image.png; path = "Default-568h@2x.png"; sourceTree = "<group>"; };
		A20051A721D8033E0073034C /* InventoryCollectionViewCellController.swift */ = {isa = PBXFileReference; lastKnownFileType = sourcecode.swift; path = InventoryCollectionViewCellController.swift; sourceTree = "<group>"; };
		A20051A921D81B9D0073034C /* BattleSceneViewController.swift */ = {isa = PBXFileReference; lastKnownFileType = sourcecode.swift; path = BattleSceneViewController.swift; sourceTree = "<group>"; };
		A20051AB21D81E2C0073034C /* scene4.text */ = {isa = PBXFileReference; fileEncoding = 4; lastKnownFileType = net.daringfireball.markdown; path = scene4.text; sourceTree = "<group>"; };
		A20051AC21D81E2C0073034C /* scene6.text */ = {isa = PBXFileReference; fileEncoding = 4; lastKnownFileType = net.daringfireball.markdown; path = scene6.text; sourceTree = "<group>"; };
		A20051AD21D81E2D0073034C /* scene3.text */ = {isa = PBXFileReference; fileEncoding = 4; lastKnownFileType = net.daringfireball.markdown; path = scene3.text; sourceTree = "<group>"; };
		A2F699B021DC2243002F33E4 /* scene7.text */ = {isa = PBXFileReference; fileEncoding = 4; lastKnownFileType = net.daringfireball.markdown; path = scene7.text; sourceTree = "<group>"; };
/* End PBXFileReference section */

/* Begin PBXFrameworksBuildPhase section */
		A200516421D5538E0073034C /* Frameworks */ = {
			isa = PBXFrameworksBuildPhase;
			buildActionMask = 2147483647;
			files = (
			);
			runOnlyForDeploymentPostprocessing = 0;
		};
/* End PBXFrameworksBuildPhase section */

/* Begin PBXGroup section */
		A200515E21D5538E0073034C = {
			isa = PBXGroup;
			children = (
				A20051A321D6BC540073034C /* Default-568h@2x.png */,
				A200516921D5538E0073034C /* CYOA-Bard-Adventure */,
				A200516821D5538E0073034C /* Products */,
			);
			sourceTree = "<group>";
		};
		A200516821D5538E0073034C /* Products */ = {
			isa = PBXGroup;
			children = (
				A200516721D5538E0073034C /* CYOA-Bard-Adventure.app */,
			);
			name = Products;
			sourceTree = "<group>";
		};
		A200516921D5538E0073034C /* CYOA-Bard-Adventure */ = {
			isa = PBXGroup;
			children = (
				A200516A21D5538E0073034C /* AppDelegate.swift */,
				A200516E21D5538E0073034C /* Main.storyboard */,
				A200519721D57EBB0073034C /* scene1.text */,
				A200519C21D580170073034C /* scene2.text */,
				A20051AD21D81E2D0073034C /* scene3.text */,
				A20051AB21D81E2C0073034C /* scene4.text */,
				A20051AC21D81E2C0073034C /* scene6.text */,
				A2F699B021DC2243002F33E4 /* scene7.text */,
				A200519D21D580170073034C /* scene101.text */,
				A200519B21D580170073034C /* scene10001.text */,
				A20051A121D6B6B30073034C /* Models */,
				A20051A221D6B6BD0073034C /* Controllers */,
				A200519421D57E840073034C /* Outline-and-Scenes */,
				A200517121D553920073034C /* Assets.xcassets */,
				A200517321D553920073034C /* LaunchScreen.storyboard */,
				A200517621D553920073034C /* Info.plist */,
			);
			path = "CYOA-Bard-Adventure";
			sourceTree = "<group>";
		};
		A200519421D57E840073034C /* Outline-and-Scenes */ = {
			isa = PBXGroup;
			children = (
				A200519521D57EBB0073034C /* firstScreen.text */,
				A200519621D57EBB0073034C /* outline.text */,
			);
			path = "Outline-and-Scenes";
			sourceTree = "<group>";
		};
		A20051A121D6B6B30073034C /* Models */ = {
			isa = PBXGroup;
			children = (
				A200517E21D5600C0073034C /* Person.swift */,
				A200518221D560230073034C /* Scene.swift */,
				A200518421D560310073034C /* UserDecisionModel.swift */,
			);
			path = Models;
			sourceTree = "<group>";
		};
		A20051A221D6B6BD0073034C /* Controllers */ = {
			isa = PBXGroup;
			children = (
				A200518821D560600073034C /* FirstScreenViewController.swift */,
				A200518A21D560730073034C /* GeneralSceneViewController.swift */,
				A20051A921D81B9D0073034C /* BattleSceneViewController.swift */,
				A200518621D5604B0073034C /* InventoryCollectionViewController.swift */,
				A20051A721D8033E0073034C /* InventoryCollectionViewCellController.swift */,
			);
			path = Controllers;
			sourceTree = "<group>";
		};
/* End PBXGroup section */

/* Begin PBXNativeTarget section */
		A200516621D5538E0073034C /* CYOA-Bard-Adventure */ = {
			isa = PBXNativeTarget;
			buildConfigurationList = A200517921D553920073034C /* Build configuration list for PBXNativeTarget "CYOA-Bard-Adventure" */;
			buildPhases = (
				A200516321D5538E0073034C /* Sources */,
				A200516421D5538E0073034C /* Frameworks */,
				A200516521D5538E0073034C /* Resources */,
			);
			buildRules = (
			);
			dependencies = (
			);
			name = "CYOA-Bard-Adventure";
			productName = "CYOA-Bard-Adventure";
			productReference = A200516721D5538E0073034C /* CYOA-Bard-Adventure.app */;
			productType = "com.apple.product-type.application";
		};
/* End PBXNativeTarget section */

/* Begin PBXProject section */
		A200515F21D5538E0073034C /* Project object */ = {
			isa = PBXProject;
			attributes = {
				LastSwiftUpdateCheck = 1000;
				LastUpgradeCheck = 1000;
				ORGANIZATIONNAME = "Austin Cole";
				TargetAttributes = {
					A200516621D5538E0073034C = {
						CreatedOnToolsVersion = 10.0;
					};
				};
			};
			buildConfigurationList = A200516221D5538E0073034C /* Build configuration list for PBXProject "CYOA-Bard-Adventure" */;
			compatibilityVersion = "Xcode 9.3";
			developmentRegion = en;
			hasScannedForEncodings = 0;
			knownRegions = (
				en,
				Base,
			);
			mainGroup = A200515E21D5538E0073034C;
			productRefGroup = A200516821D5538E0073034C /* Products */;
			projectDirPath = "";
			projectRoot = "";
			targets = (
				A200516621D5538E0073034C /* CYOA-Bard-Adventure */,
			);
		};
/* End PBXProject section */

/* Begin PBXResourcesBuildPhase section */
		A200516521D5538E0073034C /* Resources */ = {
			isa = PBXResourcesBuildPhase;
			buildActionMask = 2147483647;
			files = (
				A200519F21D580170073034C /* scene2.text in Resources */,
				A200519921D57EBB0073034C /* outline.text in Resources */,
				A200519A21D57EBB0073034C /* scene1.text in Resources */,
				A20051A421D6BC540073034C /* Default-568h@2x.png in Resources */,
				A200517521D553920073034C /* LaunchScreen.storyboard in Resources */,
				A2F699B121DC2243002F33E4 /* scene7.text in Resources */,
				A20051AF21D81E2D0073034C /* scene6.text in Resources */,
				A20051A021D580170073034C /* scene101.text in Resources */,
				A20051B021D81E2D0073034C /* scene3.text in Resources */,
				A200517221D553920073034C /* Assets.xcassets in Resources */,
				A200517021D5538E0073034C /* Main.storyboard in Resources */,
				A200519821D57EBB0073034C /* firstScreen.text in Resources */,
				A200519E21D580170073034C /* scene10001.text in Resources */,
				A20051AE21D81E2D0073034C /* scene4.text in Resources */,
			);
			runOnlyForDeploymentPostprocessing = 0;
		};
/* End PBXResourcesBuildPhase section */

/* Begin PBXSourcesBuildPhase section */
		A200516321D5538E0073034C /* Sources */ = {
			isa = PBXSourcesBuildPhase;
			buildActionMask = 2147483647;
			files = (
				A20051AA21D81B9D0073034C /* BattleSceneViewController.swift in Sources */,
				A200518321D560230073034C /* Scene.swift in Sources */,
				A200517F21D5600C0073034C /* Person.swift in Sources */,
				A200518721D5604B0073034C /* InventoryCollectionViewController.swift in Sources */,
				A20051A821D8033E0073034C /* InventoryCollectionViewCellController.swift in Sources */,
				A200518B21D560730073034C /* GeneralSceneViewController.swift in Sources */,
				A200518921D560600073034C /* FirstScreenViewController.swift in Sources */,
				A200518521D560310073034C /* UserDecisionModel.swift in Sources */,
				A200516B21D5538E0073034C /* AppDelegate.swift in Sources */,
			);
			runOnlyForDeploymentPostprocessing = 0;
		};
/* End PBXSourcesBuildPhase section */

/* Begin PBXVariantGroup section */
		A200516E21D5538E0073034C /* Main.storyboard */ = {
			isa = PBXVariantGroup;
			children = (
				A200516F21D5538E0073034C /* Base */,
			);
			name = Main.storyboard;
			sourceTree = "<group>";
		};
		A200517321D553920073034C /* LaunchScreen.storyboard */ = {
			isa = PBXVariantGroup;
			children = (
				A200517421D553920073034C /* Base */,
			);
			name = LaunchScreen.storyboard;
			sourceTree = "<group>";
		};
/* End PBXVariantGroup section */

/* Begin XCBuildConfiguration section */
		A200517721D553920073034C /* Debug */ = {
			isa = XCBuildConfiguration;
			buildSettings = {
				ALWAYS_SEARCH_USER_PATHS = NO;
				CLANG_ANALYZER_NONNULL = YES;
				CLANG_ANALYZER_NUMBER_OBJECT_CONVERSION = YES_AGGRESSIVE;
				CLANG_CXX_LANGUAGE_STANDARD = "gnu++14";
				CLANG_CXX_LIBRARY = "libc++";
				CLANG_ENABLE_MODULES = YES;
				CLANG_ENABLE_OBJC_ARC = YES;
				CLANG_ENABLE_OBJC_WEAK = YES;
				CLANG_WARN_BLOCK_CAPTURE_AUTORELEASING = YES;
				CLANG_WARN_BOOL_CONVERSION = YES;
				CLANG_WARN_COMMA = YES;
				CLANG_WARN_CONSTANT_CONVERSION = YES;
				CLANG_WARN_DEPRECATED_OBJC_IMPLEMENTATIONS = YES;
				CLANG_WARN_DIRECT_OBJC_ISA_USAGE = YES_ERROR;
				CLANG_WARN_DOCUMENTATION_COMMENTS = YES;
				CLANG_WARN_EMPTY_BODY = YES;
				CLANG_WARN_ENUM_CONVERSION = YES;
				CLANG_WARN_INFINITE_RECURSION = YES;
				CLANG_WARN_INT_CONVERSION = YES;
				CLANG_WARN_NON_LITERAL_NULL_CONVERSION = YES;
				CLANG_WARN_OBJC_IMPLICIT_RETAIN_SELF = YES;
				CLANG_WARN_OBJC_LITERAL_CONVERSION = YES;
				CLANG_WARN_OBJC_ROOT_CLASS = YES_ERROR;
				CLANG_WARN_RANGE_LOOP_ANALYSIS = YES;
				CLANG_WARN_STRICT_PROTOTYPES = YES;
				CLANG_WARN_SUSPICIOUS_MOVE = YES;
				CLANG_WARN_UNGUARDED_AVAILABILITY = YES_AGGRESSIVE;
				CLANG_WARN_UNREACHABLE_CODE = YES;
				CLANG_WARN__DUPLICATE_METHOD_MATCH = YES;
				CODE_SIGN_IDENTITY = "iPhone Developer";
				COPY_PHASE_STRIP = NO;
				DEBUG_INFORMATION_FORMAT = dwarf;
				ENABLE_STRICT_OBJC_MSGSEND = YES;
				ENABLE_TESTABILITY = YES;
				GCC_C_LANGUAGE_STANDARD = gnu11;
				GCC_DYNAMIC_NO_PIC = NO;
				GCC_NO_COMMON_BLOCKS = YES;
				GCC_OPTIMIZATION_LEVEL = 0;
				GCC_PREPROCESSOR_DEFINITIONS = (
					"DEBUG=1",
					"$(inherited)",
				);
				GCC_WARN_64_TO_32_BIT_CONVERSION = YES;
				GCC_WARN_ABOUT_RETURN_TYPE = YES_ERROR;
				GCC_WARN_UNDECLARED_SELECTOR = YES;
				GCC_WARN_UNINITIALIZED_AUTOS = YES_AGGRESSIVE;
				GCC_WARN_UNUSED_FUNCTION = YES;
				GCC_WARN_UNUSED_VARIABLE = YES;
				IPHONEOS_DEPLOYMENT_TARGET = 12.0;
				MTL_ENABLE_DEBUG_INFO = INCLUDE_SOURCE;
				MTL_FAST_MATH = YES;
				ONLY_ACTIVE_ARCH = YES;
				SDKROOT = iphoneos;
				SWIFT_ACTIVE_COMPILATION_CONDITIONS = DEBUG;
				SWIFT_OPTIMIZATION_LEVEL = "-Onone";
			};
			name = Debug;
		};
		A200517821D553920073034C /* Release */ = {
			isa = XCBuildConfiguration;
			buildSettings = {
				ALWAYS_SEARCH_USER_PATHS = NO;
				CLANG_ANALYZER_NONNULL = YES;
				CLANG_ANALYZER_NUMBER_OBJECT_CONVERSION = YES_AGGRESSIVE;
				CLANG_CXX_LANGUAGE_STANDARD = "gnu++14";
				CLANG_CXX_LIBRARY = "libc++";
				CLANG_ENABLE_MODULES = YES;
				CLANG_ENABLE_OBJC_ARC = YES;
				CLANG_ENABLE_OBJC_WEAK = YES;
				CLANG_WARN_BLOCK_CAPTURE_AUTORELEASING = YES;
				CLANG_WARN_BOOL_CONVERSION = YES;
				CLANG_WARN_COMMA = YES;
				CLANG_WARN_CONSTANT_CONVERSION = YES;
				CLANG_WARN_DEPRECATED_OBJC_IMPLEMENTATIONS = YES;
				CLANG_WARN_DIRECT_OBJC_ISA_USAGE = YES_ERROR;
				CLANG_WARN_DOCUMENTATION_COMMENTS = YES;
				CLANG_WARN_EMPTY_BODY = YES;
				CLANG_WARN_ENUM_CONVERSION = YES;
				CLANG_WARN_INFINITE_RECURSION = YES;
				CLANG_WARN_INT_CONVERSION = YES;
				CLANG_WARN_NON_LITERAL_NULL_CONVERSION = YES;
				CLANG_WARN_OBJC_IMPLICIT_RETAIN_SELF = YES;
				CLANG_WARN_OBJC_LITERAL_CONVERSION = YES;
				CLANG_WARN_OBJC_ROOT_CLASS = YES_ERROR;
				CLANG_WARN_RANGE_LOOP_ANALYSIS = YES;
				CLANG_WARN_STRICT_PROTOTYPES = YES;
				CLANG_WARN_SUSPICIOUS_MOVE = YES;
				CLANG_WARN_UNGUARDED_AVAILABILITY = YES_AGGRESSIVE;
				CLANG_WARN_UNREACHABLE_CODE = YES;
				CLANG_WARN__DUPLICATE_METHOD_MATCH = YES;
				CODE_SIGN_IDENTITY = "iPhone Developer";
				COPY_PHASE_STRIP = NO;
				DEBUG_INFORMATION_FORMAT = "dwarf-with-dsym";
				ENABLE_NS_ASSERTIONS = NO;
				ENABLE_STRICT_OBJC_MSGSEND = YES;
				GCC_C_LANGUAGE_STANDARD = gnu11;
				GCC_NO_COMMON_BLOCKS = YES;
				GCC_WARN_64_TO_32_BIT_CONVERSION = YES;
				GCC_WARN_ABOUT_RETURN_TYPE = YES_ERROR;
				GCC_WARN_UNDECLARED_SELECTOR = YES;
				GCC_WARN_UNINITIALIZED_AUTOS = YES_AGGRESSIVE;
				GCC_WARN_UNUSED_FUNCTION = YES;
				GCC_WARN_UNUSED_VARIABLE = YES;
				IPHONEOS_DEPLOYMENT_TARGET = 12.0;
				MTL_ENABLE_DEBUG_INFO = NO;
				MTL_FAST_MATH = YES;
				SDKROOT = iphoneos;
				SWIFT_COMPILATION_MODE = wholemodule;
				SWIFT_OPTIMIZATION_LEVEL = "-O";
				VALIDATE_PRODUCT = YES;
			};
			name = Release;
		};
		A200517A21D553920073034C /* Debug */ = {
			isa = XCBuildConfiguration;
			buildSettings = {
				ASSETCATALOG_COMPILER_APPICON_NAME = AppIcon;
				CODE_SIGN_STYLE = Automatic;
				INFOPLIST_FILE = "CYOA-Bard-Adventure/Info.plist";
				LD_RUNPATH_SEARCH_PATHS = (
					"$(inherited)",
					"@executable_path/Frameworks",
				);
				PRODUCT_BUNDLE_IDENTIFIER = "MuffBubbles.CYOA-Bard-Adventure";
				PRODUCT_NAME = "$(TARGET_NAME)";
				SWIFT_VERSION = 4.2;
				TARGETED_DEVICE_FAMILY = "1,2";
			};
			name = Debug;
		};
		A200517B21D553920073034C /* Release */ = {
			isa = XCBuildConfiguration;
			buildSettings = {
				ASSETCATALOG_COMPILER_APPICON_NAME = AppIcon;
				CODE_SIGN_STYLE = Automatic;
				INFOPLIST_FILE = "CYOA-Bard-Adventure/Info.plist";
				LD_RUNPATH_SEARCH_PATHS = (
					"$(inherited)",
					"@executable_path/Frameworks",
				);
				PRODUCT_BUNDLE_IDENTIFIER = "MuffBubbles.CYOA-Bard-Adventure";
				PRODUCT_NAME = "$(TARGET_NAME)";
				SWIFT_VERSION = 4.2;
				TARGETED_DEVICE_FAMILY = "1,2";
			};
			name = Release;
		};
/* End XCBuildConfiguration section */

/* Begin XCConfigurationList section */
		A200516221D5538E0073034C /* Build configuration list for PBXProject "CYOA-Bard-Adventure" */ = {
			isa = XCConfigurationList;
			buildConfigurations = (
				A200517721D553920073034C /* Debug */,
				A200517821D553920073034C /* Release */,
			);
			defaultConfigurationIsVisible = 0;
			defaultConfigurationName = Release;
		};
		A200517921D553920073034C /* Build configuration list for PBXNativeTarget "CYOA-Bard-Adventure" */ = {
			isa = XCConfigurationList;
			buildConfigurations = (
				A200517A21D553920073034C /* Debug */,
				A200517B21D553920073034C /* Release */,
			);
			defaultConfigurationIsVisible = 0;
			defaultConfigurationName = Release;
		};
/* End XCConfigurationList section */
	};
	rootObject = A200515F21D5538E0073034C /* Project object */;
}
